
Microsoft Visual Studio Solution File, Format Version 12.00
# Visual Studio Version 16
VisualStudioVersion = 16.0.31005.135
MinimumVisualStudioVersion = 10.0.40219.1
Project("{FAE04EC0-301F-11D3-BF4B-00C04F79EFBC}") = "UserManagementApplication", "UserManagementApplication\UserManagementApplication.csproj", "{BA610853-E462-413A-8572-9056F9503C94}"
EndProject
Global
	GlobalSection(SolutionConfigurationPlatforms) = preSolution
		Debug|Any CPU = Debug|Any CPU
		Release|Any CPU = Release|Any CPU
	EndGlobalSection
	GlobalSection(ProjectConfigurationPlatforms) = postSolution
		{BA610853-E462-413A-8572-9056F9503C94}.Debug|Any CPU.ActiveCfg = Debug|Any CPU
		{BA610853-E462-413A-8572-9056F9503C94}.Debug|Any CPU.Build.0 = Debug|Any CPU
		{BA610853-E462-413A-8572-9056F9503C94}.Release|Any CPU.ActiveCfg = Release|Any CPU
		{BA610853-E462-413A-8572-9056F9503C94}.Release|Any CPU.Build.0 = Release|Any CPU
	EndGlobalSection
	GlobalSection(SolutionProperties) = preSolution
		HideSolutionNode = FALSE
	EndGlobalSection
	GlobalSection(ExtensibilityGlobals) = postSolution
		SolutionGuid = {BAF997A3-895B-49BD-A06B-71C9D88650E7}
	EndGlobalSection
EndGlobal
